
Microsoft Visual Studio Solution File, Format Version 12.00
# Visual Studio Version 16
VisualStudioVersion = 16.0.29215.179
MinimumVisualStudioVersion = 10.0.40219.1
Project("{FAE04EC0-301F-11D3-BF4B-00C04F79EFBC}") = "Working-With-Text", "Working-With-Text.csproj", "{7AEC2955-AAED-4F88-A270-DCD50E2E3923}"
EndProject
Global
	GlobalSection(SolutionConfigurationPlatforms) = preSolution
		Debug|Any CPU = Debug|Any CPU
		Release|Any CPU = Release|Any CPU
	EndGlobalSection
	GlobalSection(ProjectConfigurationPlatforms) = postSolution
		{7AEC2955-AAED-4F88-A270-DCD50E2E3923}.Debug|Any CPU.ActiveCfg = Debug|Any CPU
		{7AEC2955-AAED-4F88-A270-DCD50E2E3923}.Debug|Any CPU.Build.0 = Debug|Any CPU
		{7AEC2955-AAED-4F88-A270-DCD50E2E3923}.Release|Any CPU.ActiveCfg = Release|Any CPU
		{7AEC2955-AAED-4F88-A270-DCD50E2E3923}.Release|Any CPU.Build.0 = Release|Any CPU
	EndGlobalSection
	GlobalSection(SolutionProperties) = preSolution
		HideSolutionNode = FALSE
	EndGlobalSection
	GlobalSection(ExtensibilityGlobals) = postSolution
		SolutionGuid = {6FA68F41-4F2A-491E-BCFF-1621D32C7406}
	EndGlobalSection
EndGlobal
